
Microsoft Visual Studio Solution File, Format Version 12.00
Project("{2150E333-8FDC-42A3-9474-1A3956D46DE8}") = "src", "src", "{C1B0CAA7-9368-4EF9-8DB4-756DA230DF70}"
EndProject
Project("{2150E333-8FDC-42A3-9474-1A3956D46DE8}") = "build", "build", "{0CFBED61-86C1-42FC-B3DD-A7F33E318755}"
	ProjectSection(SolutionItems) = preProject
		build\database.sql = build\database.sql
	EndProjectSection
EndProject
Project("{FAE04EC0-301F-11D3-BF4B-00C04F79EFBC}") = "UniversityAPI", "src\UniversityAPI\UniversityAPI.csproj", "{CFF0F73D-AF5E-4A2E-A273-22F479145655}"
EndProject
Global
	GlobalSection(SolutionConfigurationPlatforms) = preSolution
		Debug|Any CPU = Debug|Any CPU
		Release|Any CPU = Release|Any CPU
	EndGlobalSection
	GlobalSection(ProjectConfigurationPlatforms) = postSolution
		{CFF0F73D-AF5E-4A2E-A273-22F479145655}.Debug|Any CPU.ActiveCfg = Debug|Any CPU
		{CFF0F73D-AF5E-4A2E-A273-22F479145655}.Debug|Any CPU.Build.0 = Debug|Any CPU
		{CFF0F73D-AF5E-4A2E-A273-22F479145655}.Release|Any CPU.ActiveCfg = Release|Any CPU
		{CFF0F73D-AF5E-4A2E-A273-22F479145655}.Release|Any CPU.Build.0 = Release|Any CPU
	EndGlobalSection
	GlobalSection(NestedProjects) = preSolution
		{CFF0F73D-AF5E-4A2E-A273-22F479145655} = {C1B0CAA7-9368-4EF9-8DB4-756DA230DF70}
	EndGlobalSection
EndGlobal
